Microsoft Visual Studio Solution File, Format Version 12.00
# Visual Studio Version 17
VisualStudioVersion = 17.5.2.0
MinimumVisualStudioVersion = 10.0.40219.1
Project("{FAE04EC0-301F-11D3-BF4B-00C04F79EFBC}") = "EmpresaBackend", "EmpresaBackend.csproj", "{7F1708C6-AF3F-C23A-B884-FB70364C2C3C}"
EndProject
Global
	GlobalSection(SolutionConfigurationPlatforms) = preSolution
		Debug|Any CPU = Debug|Any CPU
		Release|Any CPU = Release|Any CPU
	EndGlobalSection
	GlobalSection(ProjectConfigurationPlatforms) = postSolution
		{7F1708C6-AF3F-C23A-B884-FB70364C2C3C}.Debug|Any CPU.ActiveCfg = Debug|Any CPU
		{7F1708C6-AF3F-C23A-B884-FB70364C2C3C}.Debug|Any CPU.Build.0 = Debug|Any CPU
		{7F1708C6-AF3F-C23A-B884-FB70364C2C3C}.Release|Any CPU.ActiveCfg = Release|Any CPU
		{7F1708C6-AF3F-C23A-B884-FB70364C2C3C}.Release|Any CPU.Build.0 = Release|Any CPU
	EndGlobalSection
	GlobalSection(SolutionProperties) = preSolution
		HideSolutionNode = FALSE
	EndGlobalSection
	GlobalSection(ExtensibilityGlobals) = postSolution
		SolutionGuid = {3688C1BB-C29D-4CDF-A181-E988F9C088E5}
	EndGlobalSection
EndGlobal
